
Microsoft Visual Studio Solution File, Format Version 12.00
# Visual Studio Version 17
VisualStudioVersion = 17.6.33723.286
MinimumVisualStudioVersion = 10.0.40219.1
Project("{FAE04EC0-301F-11D3-BF4B-00C04F79EFBC}") = "Back", "Back\Back.csproj", "{45FE318C-2056-4CB9-B5E1-079DB4B24111}"
EndProject
Global
	GlobalSection(SolutionConfigurationPlatforms) = preSolution
		Debug|Any CPU = Debug|Any CPU
		Release|Any CPU = Release|Any CPU
	EndGlobalSection
	GlobalSection(ProjectConfigurationPlatforms) = postSolution
		{45FE318C-2056-4CB9-B5E1-079DB4B24111}.Debug|Any CPU.ActiveCfg = Debug|Any CPU
		{45FE318C-2056-4CB9-B5E1-079DB4B24111}.Debug|Any CPU.Build.0 = Debug|Any CPU
		{45FE318C-2056-4CB9-B5E1-079DB4B24111}.Release|Any CPU.ActiveCfg = Release|Any CPU
		{45FE318C-2056-4CB9-B5E1-079DB4B24111}.Release|Any CPU.Build.0 = Release|Any CPU
	EndGlobalSection
	GlobalSection(SolutionProperties) = preSolution
		HideSolutionNode = FALSE
	EndGlobalSection
	GlobalSection(ExtensibilityGlobals) = postSolution
		SolutionGuid = {9721AB0E-8B4E-4C33-8B71-676227CFFC0F}
	EndGlobalSection
EndGlobal
